{
  "version": 4,
  "terraform_version": "1.14.0",
  "serial": 165,
  "lineage": "88669fb2-66b9-3f4d-1596-bf4cc96d96f1",
  "outputs": {},
  "resources": [
    {
      "mode": "managed",
      "type": "aws_internet_gateway",
      "name": "terra-igw",
      "provider": "provider[\"registry.terraform.io/hashicorp/aws\"]",
      "instances": [
        {
          "schema_version": 0,
          "attributes": {
            "arn": "arn:aws:ec2:ap-northeast-2:423151037894:internet-gateway/igw-09345136df33bd928",
            "id": "igw-09345136df33bd928",
            "owner_id": "423151037894",
            "region": "ap-northeast-2",
            "tags": {
              "Name": "terraform-bon-igw"
            },
            "tags_all": {
              "Name": "terraform-bon-igw"
            },
            "timeouts": null,
            "vpc_id": "vpc-0c559091c5a9a9b80"
          },
          "sensitive_attributes": [],
          "identity_schema_version": 0,
          "private": "eyJlMmJmYjczMC1lY2FhLTExZTYtOGY4OC0zNDM2M2JjN2M0YzAiOnsiY3JlYXRlIjoxMjAwMDAwMDAwMDAwLCJkZWxldGUiOjEyMDAwMDAwMDAwMDAsInVwZGF0ZSI6MTIwMDAwMDAwMDAwMH19",
          "dependencies": [
            "aws_vpc.vpc"
          ]
        }
      ]
    },
    {
      "mode": "managed",
      "type": "aws_key_pair",
      "name": "myce_keypair",
      "provider": "provider[\"registry.terraform.io/hashicorp/aws\"]",
      "instances": [
        {
          "schema_version": 1,
          "attributes": {
            "arn": "arn:aws:ec2:ap-northeast-2:423151037894:key-pair/terra_myce_keypair",
            "fingerprint": "00:70:8f:af:cf:63:1b:18:78:aa:3d:30:1e:98:2f:ed",
            "id": "terra_myce_keypair",
            "key_name": "terra_myce_keypair",
            "key_name_prefix": "",
            "key_pair_id": "key-040f13d841d9e1581",
            "key_type": "rsa",
            "public_key": "ssh-rsa AAAAB3NzaC1yc2EAAAADAQABAAACAQC1kw5IEfGc7XV7DOgXBA5/ZXiXsuS3L52scF3s6oFinHvVElDH/1+jx0g/ip5eb2f5Lg9HuZLzc3G0PMbp2V0BXVOWQO5+mgckr2uzv7GAEnPBpjGOeVdNv1E2KhhOIGMAdEHaEXCa+XAr6NxCZS0esjZIddey0wL0u0m4TAgd/J4BCBY1kFEtKE69h2B2Jdt2UyHVzndFMVpC0QPqfr+3zgdFpve9iQ98hfkNj/1MRMcVai1ucOG2WXkkWuHPAT90sgiK3vwqvhI/Kr2M1LC3JAWlqjMHpJQs2coBIB+9+Vk6db/hRYATtP0Mg0qrqSTW7oeRElh7kilhKdfvmSQjfTrQX7RhlgXIBEJPu5o8jIgXxeCp6ddX+kmVwtoZcY/YIbwjdn96qSSt5dn/FmDsgMSGEl4w7mQzd0BW4+ivxKHCB37eWehJAp/Fu+6KPC/93yQrDVjfL7Pfer6dsfndF/vQwc9eTeJvdpnpYIeYYTGR7blEod2vXbyUebILXyw84Pth7/G22pQOGho1jx9z+JGaW0dEY2Wxz1Gg49ZqyvowdiTB+D0C4jzvXZeXNPdCV7vi4wuK4REzLGD+2HG1T+3m2JFpHpX73cd7nSSFSoTmJ683czjl+OYppT3F61O7VBqubrefj0/nN65M8QWsNDeQOu2sLOTIPP0kgr80zQ==",
            "region": "ap-northeast-2",
            "tags": null,
            "tags_all": {}
          },
          "sensitive_attributes": [],
          "identity_schema_version": 0,
          "private": "eyJzY2hlbWFfdmVyc2lvbiI6IjEifQ==",
          "dependencies": [
            "tls_private_key.myce"
          ]
        }
      ]
    },
    {
      "mode": "managed",
      "type": "aws_route_table",
      "name": "bon-terra-private1",
      "provider": "provider[\"registry.terraform.io/hashicorp/aws\"]",
      "instances": [
        {
          "schema_version": 0,
          "attributes": {
            "arn": "arn:aws:ec2:ap-northeast-2:423151037894:route-table/rtb-0a0afeb65819ae987",
            "id": "rtb-0a0afeb65819ae987",
            "owner_id": "423151037894",
            "propagating_vgws": [],
            "region": "ap-northeast-2",
            "route": [],
            "tags": {
              "Name": "terra-private1"
            },
            "tags_all": {
              "Name": "terra-private1"
            },
            "timeouts": null,
            "vpc_id": "vpc-0c559091c5a9a9b80"
          },
          "sensitive_attributes": [],
          "identity_schema_version": 0,
          "private": "eyJlMmJmYjczMC1lY2FhLTExZTYtOGY4OC0zNDM2M2JjN2M0YzAiOnsiY3JlYXRlIjozMDAwMDAwMDAwMDAsImRlbGV0ZSI6MzAwMDAwMDAwMDAwLCJ1cGRhdGUiOjEyMDAwMDAwMDAwMH19",
          "dependencies": [
            "aws_vpc.vpc"
          ]
        }
      ]
    },
    {
      "mode": "managed",
      "type": "aws_route_table",
      "name": "bon-terra-public1",
      "provider": "provider[\"registry.terraform.io/hashicorp/aws\"]",
      "instances": [
        {
          "schema_version": 0,
          "attributes": {
            "arn": "arn:aws:ec2:ap-northeast-2:423151037894:route-table/rtb-035db7c75e36b045a",
            "id": "rtb-035db7c75e36b045a",
            "owner_id": "423151037894",
            "propagating_vgws": [],
            "region": "ap-northeast-2",
            "route": [
              {
                "carrier_gateway_id": "",
                "cidr_block": "0.0.0.0/0",
                "core_network_arn": "",
                "destination_prefix_list_id": "",
                "egress_only_gateway_id": "",
                "gateway_id": "igw-09345136df33bd928",
                "ipv6_cidr_block": "",
                "local_gateway_id": "",
                "nat_gateway_id": "",
                "network_interface_id": "",
                "transit_gateway_id": "",
                "vpc_endpoint_id": "",
                "vpc_peering_connection_id": ""
              }
            ],
            "tags": {
              "Name": "terra-public1"
            },
            "tags_all": {
              "Name": "terra-public1"
            },
            "timeouts": null,
            "vpc_id": "vpc-0c559091c5a9a9b80"
          },
          "sensitive_attributes": [],
          "identity_schema_version": 0,
          "private": "eyJlMmJmYjczMC1lY2FhLTExZTYtOGY4OC0zNDM2M2JjN2M0YzAiOnsiY3JlYXRlIjozMDAwMDAwMDAwMDAsImRlbGV0ZSI6MzAwMDAwMDAwMDAwLCJ1cGRhdGUiOjEyMDAwMDAwMDAwMH19",
          "dependencies": [
            "aws_internet_gateway.terra-igw",
            "aws_vpc.vpc"
          ]
        }
      ]
    },
    {
      "mode": "managed",
      "type": "aws_route_table_association",
      "name": "private_association",
      "provider": "provider[\"registry.terraform.io/hashicorp/aws\"]",
      "instances": [
        {
          "index_key": "pri1",
          "schema_version": 0,
          "attributes": {
            "gateway_id": "",
            "id": "rtbassoc-05f7f576812fcf641",
            "region": "ap-northeast-2",
            "route_table_id": "rtb-0a0afeb65819ae987",
            "subnet_id": "subnet-0a6bd45a22f2bc826",
            "timeouts": null
          },
          "sensitive_attributes": [],
          "identity_schema_version": 0,
          "private": "eyJlMmJmYjczMC1lY2FhLTExZTYtOGY4OC0zNDM2M2JjN2M0YzAiOnsiY3JlYXRlIjozMDAwMDAwMDAwMDAsImRlbGV0ZSI6MzAwMDAwMDAwMDAwLCJ1cGRhdGUiOjEyMDAwMDAwMDAwMH19",
          "dependencies": [
            "aws_route_table.bon-terra-private1",
            "aws_subnet.bon-terraform-subnet-private1",
            "aws_subnet.bon-terraform-subnet-private2",
            "aws_vpc.vpc"
          ]
        },
        {
          "index_key": "pri2",
          "schema_version": 0,
          "attributes": {
            "gateway_id": "",
            "id": "rtbassoc-03d0716caae738ec6",
            "region": "ap-northeast-2",
            "route_table_id": "rtb-0a0afeb65819ae987",
            "subnet_id": "subnet-03b42680a6024de50",
            "timeouts": null
          },
          "sensitive_attributes": [],
          "identity_schema_version": 0,
          "private": "eyJlMmJmYjczMC1lY2FhLTExZTYtOGY4OC0zNDM2M2JjN2M0YzAiOnsiY3JlYXRlIjozMDAwMDAwMDAwMDAsImRlbGV0ZSI6MzAwMDAwMDAwMDAwLCJ1cGRhdGUiOjEyMDAwMDAwMDAwMH19",
          "dependencies": [
            "aws_route_table.bon-terra-private1",
            "aws_subnet.bon-terraform-subnet-private1",
            "aws_subnet.bon-terraform-subnet-private2",
            "aws_vpc.vpc"
          ]
        }
      ]
    },
    {
      "mode": "managed",
      "type": "aws_route_table_association",
      "name": "public_association",
      "provider": "provider[\"registry.terraform.io/hashicorp/aws\"]",
      "instances": [
        {
          "index_key": "pub1",
          "schema_version": 0,
          "attributes": {
            "gateway_id": "",
            "id": "rtbassoc-029980ea7a7f97e54",
            "region": "ap-northeast-2",
            "route_table_id": "rtb-035db7c75e36b045a",
            "subnet_id": "subnet-00cee7b36d6f52d93",
            "timeouts": null
          },
          "sensitive_attributes": [],
          "identity_schema_version": 0,
          "private": "eyJlMmJmYjczMC1lY2FhLTExZTYtOGY4OC0zNDM2M2JjN2M0YzAiOnsiY3JlYXRlIjozMDAwMDAwMDAwMDAsImRlbGV0ZSI6MzAwMDAwMDAwMDAwLCJ1cGRhdGUiOjEyMDAwMDAwMDAwMH19",
          "dependencies": [
            "aws_internet_gateway.terra-igw",
            "aws_route_table.bon-terra-public1",
            "aws_subnet.bon-terraform-subnet-public1",
            "aws_subnet.bon-terraform-subnet-public2",
            "aws_vpc.vpc"
          ]
        },
        {
          "index_key": "pub2",
          "schema_version": 0,
          "attributes": {
            "gateway_id": "",
            "id": "rtbassoc-0e22a7994481d3ac7",
            "region": "ap-northeast-2",
            "route_table_id": "rtb-035db7c75e36b045a",
            "subnet_id": "subnet-0dfa0dd5f71d77873",
            "timeouts": null
          },
          "sensitive_attributes": [],
          "identity_schema_version": 0,
          "private": "eyJlMmJmYjczMC1lY2FhLTExZTYtOGY4OC0zNDM2M2JjN2M0YzAiOnsiY3JlYXRlIjozMDAwMDAwMDAwMDAsImRlbGV0ZSI6MzAwMDAwMDAwMDAwLCJ1cGRhdGUiOjEyMDAwMDAwMDAwMH19",
          "dependencies": [
            "aws_internet_gateway.terra-igw",
            "aws_route_table.bon-terra-public1",
            "aws_subnet.bon-terraform-subnet-public1",
            "aws_subnet.bon-terraform-subnet-public2",
            "aws_vpc.vpc"
          ]
        }
      ]
    },
    {
      "mode": "managed",
      "type": "aws_subnet",
      "name": "bon-terraform-subnet-private1",
      "provider": "provider[\"registry.terraform.io/hashicorp/aws\"]",
      "instances": [
        {
          "schema_version": 1,
          "attributes": {
            "arn": "arn:aws:ec2:ap-northeast-2:423151037894:subnet/subnet-0a6bd45a22f2bc826",
            "assign_ipv6_address_on_creation": false,
            "availability_zone": "ap-northeast-2a",
            "availability_zone_id": "apne2-az1",
            "cidr_block": "10.0.30.0/24",
            "customer_owned_ipv4_pool": "",
            "enable_dns64": false,
            "enable_lni_at_device_index": 0,
            "enable_resource_name_dns_a_record_on_launch": false,
            "enable_resource_name_dns_aaaa_record_on_launch": false,
            "id": "subnet-0a6bd45a22f2bc826",
            "ipv6_cidr_block": "",
            "ipv6_cidr_block_association_id": "",
            "ipv6_native": false,
            "map_customer_owned_ip_on_launch": false,
            "map_public_ip_on_launch": false,
            "outpost_arn": "",
            "owner_id": "423151037894",
            "private_dns_hostname_type_on_launch": "ip-name",
            "region": "ap-northeast-2",
            "tags": {
              "Name": "terra-sub-private1"
            },
            "tags_all": {
              "Name": "terra-sub-private1"
            },
            "timeouts": null,
            "vpc_id": "vpc-0c559091c5a9a9b80"
          },
          "sensitive_attributes": [],
          "identity_schema_version": 0,
          "private": "eyJlMmJmYjczMC1lY2FhLTExZTYtOGY4OC0zNDM2M2JjN2M0YzAiOnsiY3JlYXRlIjo2MDAwMDAwMDAwMDAsImRlbGV0ZSI6MTIwMDAwMDAwMDAwMH0sInNjaGVtYV92ZXJzaW9uIjoiMSJ9",
          "dependencies": [
            "aws_vpc.vpc"
          ]
        }
      ]
    },
    {
      "mode": "managed",
      "type": "aws_subnet",
      "name": "bon-terraform-subnet-private2",
      "provider": "provider[\"registry.terraform.io/hashicorp/aws\"]",
      "instances": [
        {
          "schema_version": 1,
          "attributes": {
            "arn": "arn:aws:ec2:ap-northeast-2:423151037894:subnet/subnet-03b42680a6024de50",
            "assign_ipv6_address_on_creation": false,
            "availability_zone": "ap-northeast-2b",
            "availability_zone_id": "apne2-az2",
            "cidr_block": "10.0.40.0/24",
            "customer_owned_ipv4_pool": "",
            "enable_dns64": false,
            "enable_lni_at_device_index": 0,
            "enable_resource_name_dns_a_record_on_launch": false,
            "enable_resource_name_dns_aaaa_record_on_launch": false,
            "id": "subnet-03b42680a6024de50",
            "ipv6_cidr_block": "",
            "ipv6_cidr_block_association_id": "",
            "ipv6_native": false,
            "map_customer_owned_ip_on_launch": false,
            "map_public_ip_on_launch": false,
            "outpost_arn": "",
            "owner_id": "423151037894",
            "private_dns_hostname_type_on_launch": "ip-name",
            "region": "ap-northeast-2",
            "tags": {
              "Name": "terra-sub-private2"
            },
            "tags_all": {
              "Name": "terra-sub-private2"
            },
            "timeouts": null,
            "vpc_id": "vpc-0c559091c5a9a9b80"
          },
          "sensitive_attributes": [],
          "identity_schema_version": 0,
          "private": "eyJlMmJmYjczMC1lY2FhLTExZTYtOGY4OC0zNDM2M2JjN2M0YzAiOnsiY3JlYXRlIjo2MDAwMDAwMDAwMDAsImRlbGV0ZSI6MTIwMDAwMDAwMDAwMH0sInNjaGVtYV92ZXJzaW9uIjoiMSJ9",
          "dependencies": [
            "aws_vpc.vpc"
          ]
        }
      ]
    },
    {
      "mode": "managed",
      "type": "aws_subnet",
      "name": "bon-terraform-subnet-public1",
      "provider": "provider[\"registry.terraform.io/hashicorp/aws\"]",
      "instances": [
        {
          "schema_version": 1,
          "attributes": {
            "arn": "arn:aws:ec2:ap-northeast-2:423151037894:subnet/subnet-00cee7b36d6f52d93",
            "assign_ipv6_address_on_creation": false,
            "availability_zone": "ap-northeast-2a",
            "availability_zone_id": "apne2-az1",
            "cidr_block": "10.0.10.0/24",
            "customer_owned_ipv4_pool": "",
            "enable_dns64": false,
            "enable_lni_at_device_index": 0,
            "enable_resource_name_dns_a_record_on_launch": false,
            "enable_resource_name_dns_aaaa_record_on_launch": false,
            "id": "subnet-00cee7b36d6f52d93",
            "ipv6_cidr_block": "",
            "ipv6_cidr_block_association_id": "",
            "ipv6_native": false,
            "map_customer_owned_ip_on_launch": false,
            "map_public_ip_on_launch": true,
            "outpost_arn": "",
            "owner_id": "423151037894",
            "private_dns_hostname_type_on_launch": "ip-name",
            "region": "ap-northeast-2",
            "tags": {
              "Name": "terra-sub-public1"
            },
            "tags_all": {
              "Name": "terra-sub-public1"
            },
            "timeouts": null,
            "vpc_id": "vpc-0c559091c5a9a9b80"
          },
          "sensitive_attributes": [],
          "identity_schema_version": 0,
          "private": "eyJlMmJmYjczMC1lY2FhLTExZTYtOGY4OC0zNDM2M2JjN2M0YzAiOnsiY3JlYXRlIjo2MDAwMDAwMDAwMDAsImRlbGV0ZSI6MTIwMDAwMDAwMDAwMH0sInNjaGVtYV92ZXJzaW9uIjoiMSJ9",
          "dependencies": [
            "aws_vpc.vpc"
          ]
        }
      ]
    },
    {
      "mode": "managed",
      "type": "aws_subnet",
      "name": "bon-terraform-subnet-public2",
      "provider": "provider[\"registry.terraform.io/hashicorp/aws\"]",
      "instances": [
        {
          "schema_version": 1,
          "attributes": {
            "arn": "arn:aws:ec2:ap-northeast-2:423151037894:subnet/subnet-0dfa0dd5f71d77873",
            "assign_ipv6_address_on_creation": false,
            "availability_zone": "ap-northeast-2b",
            "availability_zone_id": "apne2-az2",
            "cidr_block": "10.0.20.0/24",
            "customer_owned_ipv4_pool": "",
            "enable_dns64": false,
            "enable_lni_at_device_index": 0,
            "enable_resource_name_dns_a_record_on_launch": false,
            "enable_resource_name_dns_aaaa_record_on_launch": false,
            "id": "subnet-0dfa0dd5f71d77873",
            "ipv6_cidr_block": "",
            "ipv6_cidr_block_association_id": "",
            "ipv6_native": false,
            "map_customer_owned_ip_on_launch": false,
            "map_public_ip_on_launch": true,
            "outpost_arn": "",
            "owner_id": "423151037894",
            "private_dns_hostname_type_on_launch": "ip-name",
            "region": "ap-northeast-2",
            "tags": {
              "Name": "terra-sub-public2"
            },
            "tags_all": {
              "Name": "terra-sub-public2"
            },
            "timeouts": null,
            "vpc_id": "vpc-0c559091c5a9a9b80"
          },
          "sensitive_attributes": [],
          "identity_schema_version": 0,
          "private": "eyJlMmJmYjczMC1lY2FhLTExZTYtOGY4OC0zNDM2M2JjN2M0YzAiOnsiY3JlYXRlIjo2MDAwMDAwMDAwMDAsImRlbGV0ZSI6MTIwMDAwMDAwMDAwMH0sInNjaGVtYV92ZXJzaW9uIjoiMSJ9",
          "dependencies": [
            "aws_vpc.vpc"
          ]
        }
      ]
    },
    {
      "mode": "managed",
      "type": "aws_vpc",
      "name": "vpc",
      "provider": "provider[\"registry.terraform.io/hashicorp/aws\"]",
      "instances": [
        {
          "schema_version": 1,
          "attributes": {
            "arn": "arn:aws:ec2:ap-northeast-2:423151037894:vpc/vpc-0c559091c5a9a9b80",
            "assign_generated_ipv6_cidr_block": false,
            "cidr_block": "10.0.0.0/16",
            "default_network_acl_id": "acl-0405e54c6dfca0aa3",
            "default_route_table_id": "rtb-0007b2fd130a06b22",
            "default_security_group_id": "sg-06a1630f0ad56191c",
            "dhcp_options_id": "dopt-0f870df076a90f37f",
            "enable_dns_hostnames": true,
            "enable_dns_support": true,
            "enable_network_address_usage_metrics": false,
            "id": "vpc-0c559091c5a9a9b80",
            "instance_tenancy": "default",
            "ipv4_ipam_pool_id": null,
            "ipv4_netmask_length": null,
            "ipv6_association_id": "",
            "ipv6_cidr_block": "",
            "ipv6_cidr_block_network_border_group": "",
            "ipv6_ipam_pool_id": "",
            "ipv6_netmask_length": 0,
            "main_route_table_id": "rtb-0007b2fd130a06b22",
            "owner_id": "423151037894",
            "region": "ap-northeast-2",
            "tags": {
              "Name": "vpc"
            },
            "tags_all": {
              "Name": "vpc"
            }
          },
          "sensitive_attributes": [],
          "identity_schema_version": 0,
          "private": "eyJzY2hlbWFfdmVyc2lvbiI6IjEifQ=="
        }
      ]
    },
    {
      "mode": "managed",
      "type": "local_file",
      "name": "pem_file",
      "provider": "provider[\"registry.terraform.io/hashicorp/local\"]",
      "instances": [
        {
          "schema_version": 0,
          "attributes": {
            "content": "-----BEGIN RSA PRIVATE KEY-----\nMIIJKgIBAAKCAgEAtZMOSBHxnO11ewzoFwQOf2V4l7Lkty+drHBd7OqBYpx71RJQ\nx/9fo8dIP4qeXm9n+S4PR7mS83NxtDzG6dldAV1TlkDufpoHJK9rs7+xgBJzwaYx\njnlXTb9RNioYTiBjAHRB2hFwmvlwK+jcQmUtHrI2SHXXstMC9LtJuEwIHfyeAQgW\nNZBRLShOvYdgdiXbdlMh1c53RTFaQtED6n6/t84HRab3vYkPfIX5DY/9TETHFWot\nbnDhtll5JFrhzwE/dLIIit78Kr4SPyq9jNSwtyQFpaozB6SULNnKASAfvflZOnW/\n4UWAE7T9DINKq6kk1u6HkRJYe5IpYSnX75kkI3060F+0YZYFyARCT7uaPIyIF8Xg\nqenXV/pJlcLaGXGP2CG8I3Z/eqkkreXZ/xZg7IDEhhJeMO5kM3dAVuPor8Shwgd+\n3lnoSQKfxbvuijwv/d8kKw1Y3y+z33q+nbH53Rf70MHPXk3ib3aZ6WCHmGExke25\nRKHdr128lHmyC18sPOD7Ye/xttqUDhoaNY8fc/iRmltHRGNlsc9RoOPWasr6MHYk\nwfg9AuI8712XlzT3Qle74uMLiuERMyxg/thxtU/t5tiRaR6V+93He50khUqE5iev\nN3M45fjmKaU9xetTu1Qarm63n49P5zeuTPEFrDQ3kDrtrCzkyDz9JIK/NM0CAwEA\nAQKCAgAM5/1YOBZMHkDUf0Vb+sjWW1hoB/+OhHmY+9+2lbCersV1OWO5OONhGSrU\ngWjiXi7Yx7eu/yIn4H57iOURUtxJMDYJybxqDqQQAnwNqcQseKNLvMwW9smy2Aom\nEcs/z7jZxmm2iLjP+zJIR2P96tfQhRWrWYenHq0+HLXlE1pxrzbCl1g6Hx5LWcBx\nuQFX7zbwloDNhBXMOvF8gFjek9B9eHfh2+K40S44SVmQ547h8J2Usxhe750g61kw\nsVkNmrwaR7FTFah87Ue6FQf7eP7FSxqE/QUQN62PRpJqOWX9iI9uwqyMjvZx8CfF\nz5Xrf7lY9wQh1q5SvOqTYnhb1S8moUrGhpOrb1I7wB26D8vGcE+T5FNHTpOqvF2E\nXp73Gt+RZTZIAVhHFDxY3JdHbxu1bN2vJJhg7pnOjcWQ1JV9JxRMLX4KjuF8m77r\n+9eX0aDOOTpkTa5ZxEfWidbAwfK85h14E98SuMOiy3+SQSyxL8l7D2skMpUjgWw0\n5W1MLjkYyVXiN9RwuLvZMZnH38ypsGXLNtaeZB3ekT1Ocyaj/SFfP2gRRN44nDh1\ntXchMIKRQg4TQ2Pjzr0RmfDol9moQvHagOQYl79myD4rP8MlTUZdvm9g9xI//MPS\nBip3Dz5aZ7jVLGoWidzK9Hc7l1x3f8D3i32mzF0ELu7yvsO54QKCAQEA4DH9EO+K\nUoBDb14U/m7Jz6/o7w0lqmYXYwNDBhT3tS4IbuEpptHmnRsh3aQa4FMqYwn4S5wp\nCUnxL4CBtkr338lnQmBEwgZDzfaPhUSAY9S4erSf+jpGcRubi6HvqU0CZXubEafa\nOq4OknZMiWPfNZT1LO3eoqM0DYCMOiZRQDvAvKrFffb9MtJUsavnlvGT/N12J4/1\nvbZbnLaqjaKNS195irtsSROyY2xXoBNoMuDnBFfmvKX6XWqtXDNzMkb9+24Q26tX\n/nZS3EfOYrLv1WB/XvCUYucN6s2Z4F0fTQLYtQfZbE/UvHpj5vJhi3xNVynpr0gy\nxcxzG9EL4BfsOQKCAQEAz1U5KDdZRSbc1sG1L+zgvC8hH74V/0Y95XZQT8/c9YRT\nqIqjOObflRKEhmFOA/Hr7IBITC3S+WCJyCxayNjiDM88duypQoQ9YCNbBzl0JzOL\n6ppJnnM9ZHi2cSN2JHlCeq7DupG67eguA3Y5WUIcr7S1neMIL2feslhx5HS463xr\nOn+RRLcLgsJCbGOZTLBwrVj5P0i+Ly/gS1eV+ZkVzbZth6HKpqJ7nGnd7BvlwRau\nT4Z/aZ3wELWLH//5/oVsPxQsFIh89NG5CSPkhF+cI5anCa0/xX7UrwP7uGTlwn2Q\nmwx7N5so5DM0Eu+Jp0vrgA/LtOzhwxBQzydHH/+1NQKCAQEApfi71T7QUvU7dwXa\nWuWfp44dzmMYQEamB5nRk34QR2PVwGgWUrZPmH0OnCux7eIDniAyXZ80zficgcML\nw+1KBbTvKbdlD5JdvetLIqist7sx+z0etbtQjMmYZE20w8wL+x7/lJmDuC9FAG5t\niMST6PHmc6WBTTuu/FPu+9mECx5xN/rgi7k+htIo+wM9RoR/PxKgNvefQBvxRFoC\ndyogme0LaIYJyyu2w13gnNPhLtFKlO+SFJR3fZLM1lYMcOsXeXxpJIZ7dRkZjJPo\nGS9I19lBUgKeh31v0yT0RqIJ2xRBY/t0nXeYERQ2QzGqvv19sAqKQkYbuEz75lrj\nBLoRGQKCAQEAnnb6qpwzJMFhRNrkyu53jh1Pad11HpjnMfxNwdKThStQbZ8YxaLf\n/CYdGEBCyo0azrX1jBPyDhwU8uPDt4LcswGpqxOTAn3kExiyuEDXYCbrp7Go1uwp\nXiNM/ggmghYUE4SDoJNFlhRBJvAzQN9g4YJy1Wvyk5kGArXKxtvXglSj+CAMPcLR\nj20+K22se4rXdAZu6kmE4rfq7GrS++RfX80wxduI8fd6FsBrl8xyvDPDopCfzW+j\nToITBbA1uKztYQDf+Amhx9SLYksGm44f3quEm8bI2P/pOqMGv5aObSpfXcIaYxO6\nG0BvapGeWjmSk1x/S5dJrjdILCxPFkvwiQKCAQEAjnyFnHUQ028mpL79xBUttwUx\ncvN4VeyZiWy6PuxZ5zEe7u1vFzBAQheFEdvAWhF4wQzwEDPT0utsQSAktvpmnM6D\nQgsitH8IjeJUYsdIXP0I7epI9RuqsbHz5PG+HGZk5dTKuDnuKKSweiCrXQIuYaf5\nyVqLY+WzWhphHCfnKGMAu+W4w+ML39t6PbaRrFm6ZvaY4rkjvldxEj3AYxNykYcY\nfsvnEogHRMB9V843jcvOXtmhG+4qxmHy7Axw2rG3/WiEYCP8LzKFbSwpKbvLZuZr\nvypKqfl54Oy0YUjkH5RqDY2zuoaQe7tdZ7S0LzKCWQqZgwyUqLccwZvTQ7meZQ==\n-----END RSA PRIVATE KEY-----\n",
            "content_base64": null,
            "content_base64sha256": "zvBBXlmO85WOHk3rOtnHPx/HaqsF+eAjzdgPsntv7qY=",
            "content_base64sha512": "2SGaynLSoyb7fxutTiTSXBJ7A7s2Hog43tTOe3L9ThN6XUjxG2E4gPCgyuu0CZPQDNoKM0AZ7YoIA0lieM6akg==",
            "content_md5": "d2059240c73be6f9cfe00c21bd196523",
            "content_sha1": "804729df47d68ca7b22cd5b8e95f7532ebb1d9a3",
            "content_sha256": "cef0415e598ef3958e1e4deb3ad9c73f1fc76aab05f9e023cdd80fb27b6feea6",
            "content_sha512": "d9219aca72d2a326fb7f1bad4e24d25c127b03bb361e8838ded4ce7b72fd4e137a5d48f11b613880f0a0caebb40993d00cda0a334019ed8a0803496278ce9a92",
            "directory_permission": "0777",
            "file_permission": "0600",
            "filename": "terra_myce_keypair.pem",
            "id": "804729df47d68ca7b22cd5b8e95f7532ebb1d9a3",
            "sensitive_content": null,
            "source": null
          },
          "sensitive_attributes": [
            [
              {
                "type": "get_attr",
                "value": "content"
              }
            ]
          ],
          "identity_schema_version": 0,
          "dependencies": [
            "tls_private_key.myce"
          ]
        }
      ]
    },
    {
      "mode": "managed",
      "type": "tls_private_key",
      "name": "myce",
      "provider": "provider[\"registry.terraform.io/hashicorp/tls\"]",
      "instances": [
        {
          "schema_version": 1,
          "attributes": {
            "algorithm": "RSA",
            "ecdsa_curve": "P224",
            "id": "3572124d351fdfcea5211e7da60c846aa08a6593",
            "private_key_openssh": "-----BEGIN OPENSSH PRIVATE KEY-----\nb3BlbnNzaC1rZXktdjEAAAAABG5vbmUAAAAEbm9uZQAAAAAAAAABAAACFwAAAAdz\nc2gtcnNhAAAAAwEAAQAAAgEAtZMOSBHxnO11ewzoFwQOf2V4l7Lkty+drHBd7OqB\nYpx71RJQx/9fo8dIP4qeXm9n+S4PR7mS83NxtDzG6dldAV1TlkDufpoHJK9rs7+x\ngBJzwaYxjnlXTb9RNioYTiBjAHRB2hFwmvlwK+jcQmUtHrI2SHXXstMC9LtJuEwI\nHfyeAQgWNZBRLShOvYdgdiXbdlMh1c53RTFaQtED6n6/t84HRab3vYkPfIX5DY/9\nTETHFWotbnDhtll5JFrhzwE/dLIIit78Kr4SPyq9jNSwtyQFpaozB6SULNnKASAf\nvflZOnW/4UWAE7T9DINKq6kk1u6HkRJYe5IpYSnX75kkI3060F+0YZYFyARCT7ua\nPIyIF8XgqenXV/pJlcLaGXGP2CG8I3Z/eqkkreXZ/xZg7IDEhhJeMO5kM3dAVuPo\nr8Shwgd+3lnoSQKfxbvuijwv/d8kKw1Y3y+z33q+nbH53Rf70MHPXk3ib3aZ6WCH\nmGExke25RKHdr128lHmyC18sPOD7Ye/xttqUDhoaNY8fc/iRmltHRGNlsc9RoOPW\nasr6MHYkwfg9AuI8712XlzT3Qle74uMLiuERMyxg/thxtU/t5tiRaR6V+93He50k\nhUqE5ievN3M45fjmKaU9xetTu1Qarm63n49P5zeuTPEFrDQ3kDrtrCzkyDz9JIK/\nNM0AAAc4i6LLNIuiyzQAAAAHc3NoLXJzYQAAAgEAtZMOSBHxnO11ewzoFwQOf2V4\nl7Lkty+drHBd7OqBYpx71RJQx/9fo8dIP4qeXm9n+S4PR7mS83NxtDzG6dldAV1T\nlkDufpoHJK9rs7+xgBJzwaYxjnlXTb9RNioYTiBjAHRB2hFwmvlwK+jcQmUtHrI2\nSHXXstMC9LtJuEwIHfyeAQgWNZBRLShOvYdgdiXbdlMh1c53RTFaQtED6n6/t84H\nRab3vYkPfIX5DY/9TETHFWotbnDhtll5JFrhzwE/dLIIit78Kr4SPyq9jNSwtyQF\npaozB6SULNnKASAfvflZOnW/4UWAE7T9DINKq6kk1u6HkRJYe5IpYSnX75kkI306\n0F+0YZYFyARCT7uaPIyIF8XgqenXV/pJlcLaGXGP2CG8I3Z/eqkkreXZ/xZg7IDE\nhhJeMO5kM3dAVuPor8Shwgd+3lnoSQKfxbvuijwv/d8kKw1Y3y+z33q+nbH53Rf7\n0MHPXk3ib3aZ6WCHmGExke25RKHdr128lHmyC18sPOD7Ye/xttqUDhoaNY8fc/iR\nmltHRGNlsc9RoOPWasr6MHYkwfg9AuI8712XlzT3Qle74uMLiuERMyxg/thxtU/t\n5tiRaR6V+93He50khUqE5ievN3M45fjmKaU9xetTu1Qarm63n49P5zeuTPEFrDQ3\nkDrtrCzkyDz9JIK/NM0AAAADAQABAAACAAzn/Vg4FkweQNR/RVv6yNZbWGgH/46E\neZj737aVsJ6uxXU5Y7k442EZKtSBaOJeLtjHt67/IifgfnuI5RFS3EkwNgnJvGoO\npBACfA2pxCx4o0u8zBb2ybLYCiYRyz/PuNnGabaIuM/7MkhHY/3q19CFFatZh6ce\nrT4cteUTWnGvNsKXWDofHktZwHG5AVfvNvCWgM2EFcw68XyAWN6T0H14d+Hb4rjR\nLjhJWZDnjuHwnZSzGF7vnSDrWTCxWQ2avBpHsVMVqHztR7oVB/t4/sVLGoT9BRA3\nrY9Gkmo5Zf2Ij27CrIyO9nHwJ8XPlet/uVj3BCHWrlK86pNieFvVLyahSsaGk6tv\nUjvAHboPy8ZwT5PkU0dOk6q8XYRenvca35FlNkgBWEcUPFjcl0dvG7Vs3a8kmGDu\nmc6NxZDUlX0nFEwtfgqO4Xybvuv715fRoM45OmRNrlnER9aJ1sDB8rzmHXgT3xK4\nw6LLf5JBLLEvyXsPayQylSOBbDTlbUwuORjJVeI31HC4u9kxmcffzKmwZcs21p5k\nHd6RPU5zJqP9IV8/aBFE3jicOHW1dyEwgpFCDhNDY+POvRGZ8OiX2ahC8dqA5BiX\nv2bIPis/wyVNRl2+b2D3Ej/8w9IGKncPPlpnuNUsahaJ3Mr0dzuXXHd/wPeLfabM\nXQQu7vK+w7nhAAABAQCOfIWcdRDTbyakvv3EFS23BTFy83hV7JmJbLo+7FnnMR7u\n7W8XMEBCF4UR28BaEXjBDPAQM9PS62xBICS2+maczoNCCyK0fwiN4lRix0hc/Qjt\n6kj1G6qxsfPk8b4cZmTl1Mq4Oe4opLB6IKtdAi5hp/nJWotj5bNaGmEcJ+coYwC7\n5bjD4wvf23o9tpGsWbpm9pjiuSO+V3ESPcBjE3KRhxh+y+cSiAdEwH1XzjeNy85e\n2aEb7irGYfLsDHDasbf9aIRgI/wvMoVtLCkpu8tm5mu/Kkqp+Xng7LRhSOQflGoN\njbO6hpB7u11ntLQvMoJZCpmDDJSotxzBm9NDuZ5lAAABAQDgMf0Q74pSgENvXhT+\nbsnPr+jvDSWqZhdjA0MGFPe1Lghu4Smm0eadGyHdpBrgUypjCfhLnCkJSfEvgIG2\nSvffyWdCYETCBkPN9o+FRIBj1Lh6tJ/6OkZxG5uLoe+pTQJle5sRp9o6rg6SdkyJ\nY981lPUs7d6iozQNgIw6JlFAO8C8qsV99v0y0lSxq+eW8ZP83XYnj/W9tluctqqN\noo1LX3mKu2xJE7JjbFegE2gy4OcEV+a8pfpdaq1cM3MyRv37bhDbq1f+dlLcR85i\nsu/VYH9e8JRi5w3qzZngXR9NAti1B9lsT9S8emPm8mGLfE1XKemvSDLFzHMb0Qvg\nF+w5AAABAQDPVTkoN1lFJtzWwbUv7OC8LyEfvhX/Rj3ldlBPz9z1hFOoiqM45t+V\nEoSGYU4D8evsgEhMLdL5YInILFrI2OIMzzx27KlChD1gI1sHOXQnM4vqmkmecz1k\neLZxI3YkeUJ6rsO6kbrt6C4DdjlZQhyvtLWd4wgvZ96yWHHkdLjrfGs6f5FEtwuC\nwkJsY5lMsHCtWPk/SL4vL+BLV5X5mRXNtm2Hocqmonucad3sG+XBFq5Phn9pnfAQ\ntYsf//n+hWw/FCwUiHz00bkJI+SEX5wjlqcJrT/FftSvA/u4ZOXCfZCbDHs3myjk\nMzQS74mnS+uAD8u07OHDEFDPJ0cf/7U1AAAAAAEC\n-----END OPENSSH PRIVATE KEY-----\n",
            "private_key_pem": "-----BEGIN RSA PRIVATE KEY-----\nMIIJKgIBAAKCAgEAtZMOSBHxnO11ewzoFwQOf2V4l7Lkty+drHBd7OqBYpx71RJQ\nx/9fo8dIP4qeXm9n+S4PR7mS83NxtDzG6dldAV1TlkDufpoHJK9rs7+xgBJzwaYx\njnlXTb9RNioYTiBjAHRB2hFwmvlwK+jcQmUtHrI2SHXXstMC9LtJuEwIHfyeAQgW\nNZBRLShOvYdgdiXbdlMh1c53RTFaQtED6n6/t84HRab3vYkPfIX5DY/9TETHFWot\nbnDhtll5JFrhzwE/dLIIit78Kr4SPyq9jNSwtyQFpaozB6SULNnKASAfvflZOnW/\n4UWAE7T9DINKq6kk1u6HkRJYe5IpYSnX75kkI3060F+0YZYFyARCT7uaPIyIF8Xg\nqenXV/pJlcLaGXGP2CG8I3Z/eqkkreXZ/xZg7IDEhhJeMO5kM3dAVuPor8Shwgd+\n3lnoSQKfxbvuijwv/d8kKw1Y3y+z33q+nbH53Rf70MHPXk3ib3aZ6WCHmGExke25\nRKHdr128lHmyC18sPOD7Ye/xttqUDhoaNY8fc/iRmltHRGNlsc9RoOPWasr6MHYk\nwfg9AuI8712XlzT3Qle74uMLiuERMyxg/thxtU/t5tiRaR6V+93He50khUqE5iev\nN3M45fjmKaU9xetTu1Qarm63n49P5zeuTPEFrDQ3kDrtrCzkyDz9JIK/NM0CAwEA\nAQKCAgAM5/1YOBZMHkDUf0Vb+sjWW1hoB/+OhHmY+9+2lbCersV1OWO5OONhGSrU\ngWjiXi7Yx7eu/yIn4H57iOURUtxJMDYJybxqDqQQAnwNqcQseKNLvMwW9smy2Aom\nEcs/z7jZxmm2iLjP+zJIR2P96tfQhRWrWYenHq0+HLXlE1pxrzbCl1g6Hx5LWcBx\nuQFX7zbwloDNhBXMOvF8gFjek9B9eHfh2+K40S44SVmQ547h8J2Usxhe750g61kw\nsVkNmrwaR7FTFah87Ue6FQf7eP7FSxqE/QUQN62PRpJqOWX9iI9uwqyMjvZx8CfF\nz5Xrf7lY9wQh1q5SvOqTYnhb1S8moUrGhpOrb1I7wB26D8vGcE+T5FNHTpOqvF2E\nXp73Gt+RZTZIAVhHFDxY3JdHbxu1bN2vJJhg7pnOjcWQ1JV9JxRMLX4KjuF8m77r\n+9eX0aDOOTpkTa5ZxEfWidbAwfK85h14E98SuMOiy3+SQSyxL8l7D2skMpUjgWw0\n5W1MLjkYyVXiN9RwuLvZMZnH38ypsGXLNtaeZB3ekT1Ocyaj/SFfP2gRRN44nDh1\ntXchMIKRQg4TQ2Pjzr0RmfDol9moQvHagOQYl79myD4rP8MlTUZdvm9g9xI//MPS\nBip3Dz5aZ7jVLGoWidzK9Hc7l1x3f8D3i32mzF0ELu7yvsO54QKCAQEA4DH9EO+K\nUoBDb14U/m7Jz6/o7w0lqmYXYwNDBhT3tS4IbuEpptHmnRsh3aQa4FMqYwn4S5wp\nCUnxL4CBtkr338lnQmBEwgZDzfaPhUSAY9S4erSf+jpGcRubi6HvqU0CZXubEafa\nOq4OknZMiWPfNZT1LO3eoqM0DYCMOiZRQDvAvKrFffb9MtJUsavnlvGT/N12J4/1\nvbZbnLaqjaKNS195irtsSROyY2xXoBNoMuDnBFfmvKX6XWqtXDNzMkb9+24Q26tX\n/nZS3EfOYrLv1WB/XvCUYucN6s2Z4F0fTQLYtQfZbE/UvHpj5vJhi3xNVynpr0gy\nxcxzG9EL4BfsOQKCAQEAz1U5KDdZRSbc1sG1L+zgvC8hH74V/0Y95XZQT8/c9YRT\nqIqjOObflRKEhmFOA/Hr7IBITC3S+WCJyCxayNjiDM88duypQoQ9YCNbBzl0JzOL\n6ppJnnM9ZHi2cSN2JHlCeq7DupG67eguA3Y5WUIcr7S1neMIL2feslhx5HS463xr\nOn+RRLcLgsJCbGOZTLBwrVj5P0i+Ly/gS1eV+ZkVzbZth6HKpqJ7nGnd7BvlwRau\nT4Z/aZ3wELWLH//5/oVsPxQsFIh89NG5CSPkhF+cI5anCa0/xX7UrwP7uGTlwn2Q\nmwx7N5so5DM0Eu+Jp0vrgA/LtOzhwxBQzydHH/+1NQKCAQEApfi71T7QUvU7dwXa\nWuWfp44dzmMYQEamB5nRk34QR2PVwGgWUrZPmH0OnCux7eIDniAyXZ80zficgcML\nw+1KBbTvKbdlD5JdvetLIqist7sx+z0etbtQjMmYZE20w8wL+x7/lJmDuC9FAG5t\niMST6PHmc6WBTTuu/FPu+9mECx5xN/rgi7k+htIo+wM9RoR/PxKgNvefQBvxRFoC\ndyogme0LaIYJyyu2w13gnNPhLtFKlO+SFJR3fZLM1lYMcOsXeXxpJIZ7dRkZjJPo\nGS9I19lBUgKeh31v0yT0RqIJ2xRBY/t0nXeYERQ2QzGqvv19sAqKQkYbuEz75lrj\nBLoRGQKCAQEAnnb6qpwzJMFhRNrkyu53jh1Pad11HpjnMfxNwdKThStQbZ8YxaLf\n/CYdGEBCyo0azrX1jBPyDhwU8uPDt4LcswGpqxOTAn3kExiyuEDXYCbrp7Go1uwp\nXiNM/ggmghYUE4SDoJNFlhRBJvAzQN9g4YJy1Wvyk5kGArXKxtvXglSj+CAMPcLR\nj20+K22se4rXdAZu6kmE4rfq7GrS++RfX80wxduI8fd6FsBrl8xyvDPDopCfzW+j\nToITBbA1uKztYQDf+Amhx9SLYksGm44f3quEm8bI2P/pOqMGv5aObSpfXcIaYxO6\nG0BvapGeWjmSk1x/S5dJrjdILCxPFkvwiQKCAQEAjnyFnHUQ028mpL79xBUttwUx\ncvN4VeyZiWy6PuxZ5zEe7u1vFzBAQheFEdvAWhF4wQzwEDPT0utsQSAktvpmnM6D\nQgsitH8IjeJUYsdIXP0I7epI9RuqsbHz5PG+HGZk5dTKuDnuKKSweiCrXQIuYaf5\nyVqLY+WzWhphHCfnKGMAu+W4w+ML39t6PbaRrFm6ZvaY4rkjvldxEj3AYxNykYcY\nfsvnEogHRMB9V843jcvOXtmhG+4qxmHy7Axw2rG3/WiEYCP8LzKFbSwpKbvLZuZr\nvypKqfl54Oy0YUjkH5RqDY2zuoaQe7tdZ7S0LzKCWQqZgwyUqLccwZvTQ7meZQ==\n-----END RSA PRIVATE KEY-----\n",
            "private_key_pem_pkcs8": "-----BEGIN PRIVATE KEY-----\nMIIJRAIBADANBgkqhkiG9w0BAQEFAASCCS4wggkqAgEAAoICAQC1kw5IEfGc7XV7\nDOgXBA5/ZXiXsuS3L52scF3s6oFinHvVElDH/1+jx0g/ip5eb2f5Lg9HuZLzc3G0\nPMbp2V0BXVOWQO5+mgckr2uzv7GAEnPBpjGOeVdNv1E2KhhOIGMAdEHaEXCa+XAr\n6NxCZS0esjZIddey0wL0u0m4TAgd/J4BCBY1kFEtKE69h2B2Jdt2UyHVzndFMVpC\n0QPqfr+3zgdFpve9iQ98hfkNj/1MRMcVai1ucOG2WXkkWuHPAT90sgiK3vwqvhI/\nKr2M1LC3JAWlqjMHpJQs2coBIB+9+Vk6db/hRYATtP0Mg0qrqSTW7oeRElh7kilh\nKdfvmSQjfTrQX7RhlgXIBEJPu5o8jIgXxeCp6ddX+kmVwtoZcY/YIbwjdn96qSSt\n5dn/FmDsgMSGEl4w7mQzd0BW4+ivxKHCB37eWehJAp/Fu+6KPC/93yQrDVjfL7Pf\ner6dsfndF/vQwc9eTeJvdpnpYIeYYTGR7blEod2vXbyUebILXyw84Pth7/G22pQO\nGho1jx9z+JGaW0dEY2Wxz1Gg49ZqyvowdiTB+D0C4jzvXZeXNPdCV7vi4wuK4REz\nLGD+2HG1T+3m2JFpHpX73cd7nSSFSoTmJ683czjl+OYppT3F61O7VBqubrefj0/n\nN65M8QWsNDeQOu2sLOTIPP0kgr80zQIDAQABAoICAAzn/Vg4FkweQNR/RVv6yNZb\nWGgH/46EeZj737aVsJ6uxXU5Y7k442EZKtSBaOJeLtjHt67/IifgfnuI5RFS3Ekw\nNgnJvGoOpBACfA2pxCx4o0u8zBb2ybLYCiYRyz/PuNnGabaIuM/7MkhHY/3q19CF\nFatZh6cerT4cteUTWnGvNsKXWDofHktZwHG5AVfvNvCWgM2EFcw68XyAWN6T0H14\nd+Hb4rjRLjhJWZDnjuHwnZSzGF7vnSDrWTCxWQ2avBpHsVMVqHztR7oVB/t4/sVL\nGoT9BRA3rY9Gkmo5Zf2Ij27CrIyO9nHwJ8XPlet/uVj3BCHWrlK86pNieFvVLyah\nSsaGk6tvUjvAHboPy8ZwT5PkU0dOk6q8XYRenvca35FlNkgBWEcUPFjcl0dvG7Vs\n3a8kmGDumc6NxZDUlX0nFEwtfgqO4Xybvuv715fRoM45OmRNrlnER9aJ1sDB8rzm\nHXgT3xK4w6LLf5JBLLEvyXsPayQylSOBbDTlbUwuORjJVeI31HC4u9kxmcffzKmw\nZcs21p5kHd6RPU5zJqP9IV8/aBFE3jicOHW1dyEwgpFCDhNDY+POvRGZ8OiX2ahC\n8dqA5BiXv2bIPis/wyVNRl2+b2D3Ej/8w9IGKncPPlpnuNUsahaJ3Mr0dzuXXHd/\nwPeLfabMXQQu7vK+w7nhAoIBAQDgMf0Q74pSgENvXhT+bsnPr+jvDSWqZhdjA0MG\nFPe1Lghu4Smm0eadGyHdpBrgUypjCfhLnCkJSfEvgIG2SvffyWdCYETCBkPN9o+F\nRIBj1Lh6tJ/6OkZxG5uLoe+pTQJle5sRp9o6rg6SdkyJY981lPUs7d6iozQNgIw6\nJlFAO8C8qsV99v0y0lSxq+eW8ZP83XYnj/W9tluctqqNoo1LX3mKu2xJE7JjbFeg\nE2gy4OcEV+a8pfpdaq1cM3MyRv37bhDbq1f+dlLcR85isu/VYH9e8JRi5w3qzZng\nXR9NAti1B9lsT9S8emPm8mGLfE1XKemvSDLFzHMb0QvgF+w5AoIBAQDPVTkoN1lF\nJtzWwbUv7OC8LyEfvhX/Rj3ldlBPz9z1hFOoiqM45t+VEoSGYU4D8evsgEhMLdL5\nYInILFrI2OIMzzx27KlChD1gI1sHOXQnM4vqmkmecz1keLZxI3YkeUJ6rsO6kbrt\n6C4DdjlZQhyvtLWd4wgvZ96yWHHkdLjrfGs6f5FEtwuCwkJsY5lMsHCtWPk/SL4v\nL+BLV5X5mRXNtm2Hocqmonucad3sG+XBFq5Phn9pnfAQtYsf//n+hWw/FCwUiHz0\n0bkJI+SEX5wjlqcJrT/FftSvA/u4ZOXCfZCbDHs3myjkMzQS74mnS+uAD8u07OHD\nEFDPJ0cf/7U1AoIBAQCl+LvVPtBS9Tt3Bdpa5Z+njh3OYxhARqYHmdGTfhBHY9XA\naBZStk+YfQ6cK7Ht4gOeIDJdnzTN+JyBwwvD7UoFtO8pt2UPkl2960siqKy3uzH7\nPR61u1CMyZhkTbTDzAv7Hv+UmYO4L0UAbm2IxJPo8eZzpYFNO678U+772YQLHnE3\n+uCLuT6G0ij7Az1GhH8/EqA2959AG/FEWgJ3KiCZ7QtohgnLK7bDXeCc0+Eu0UqU\n75IUlHd9kszWVgxw6xd5fGkkhnt1GRmMk+gZL0jX2UFSAp6HfW/TJPRGognbFEFj\n+3Sdd5gRFDZDMaq+/X2wCopCRhu4TPvmWuMEuhEZAoIBAQCedvqqnDMkwWFE2uTK\n7neOHU9p3XUemOcx/E3B0pOFK1BtnxjFot/8Jh0YQELKjRrOtfWME/IOHBTy48O3\ngtyzAamrE5MCfeQTGLK4QNdgJuunsajW7CleI0z+CCaCFhQThIOgk0WWFEEm8DNA\n32DhgnLVa/KTmQYCtcrG29eCVKP4IAw9wtGPbT4rbax7itd0Bm7qSYTit+rsatL7\n5F9fzTDF24jx93oWwGuXzHK8M8OikJ/Nb6NOghMFsDW4rO1hAN/4CaHH1ItiSwab\njh/eq4SbxsjY/+k6owa/lo5tKl9dwhpjE7obQG9qkZ5aOZKTXH9Ll0muN0gsLE8W\nS/CJAoIBAQCOfIWcdRDTbyakvv3EFS23BTFy83hV7JmJbLo+7FnnMR7u7W8XMEBC\nF4UR28BaEXjBDPAQM9PS62xBICS2+maczoNCCyK0fwiN4lRix0hc/Qjt6kj1G6qx\nsfPk8b4cZmTl1Mq4Oe4opLB6IKtdAi5hp/nJWotj5bNaGmEcJ+coYwC75bjD4wvf\n23o9tpGsWbpm9pjiuSO+V3ESPcBjE3KRhxh+y+cSiAdEwH1XzjeNy85e2aEb7irG\nYfLsDHDasbf9aIRgI/wvMoVtLCkpu8tm5mu/Kkqp+Xng7LRhSOQflGoNjbO6hpB7\nu11ntLQvMoJZCpmDDJSotxzBm9NDuZ5l\n-----END PRIVATE KEY-----\n",
            "public_key_fingerprint_md5": "c3:71:c9:e1:3d:bb:0e:08:4c:ca:d2:37:99:e7:71:bb",
            "public_key_fingerprint_sha256": "SHA256:EBpIeWpcg7o7tJKYcpS9yKAI4G6HzzbvZRq86vUx0ts",
            "public_key_openssh": "ssh-rsa AAAAB3NzaC1yc2EAAAADAQABAAACAQC1kw5IEfGc7XV7DOgXBA5/ZXiXsuS3L52scF3s6oFinHvVElDH/1+jx0g/ip5eb2f5Lg9HuZLzc3G0PMbp2V0BXVOWQO5+mgckr2uzv7GAEnPBpjGOeVdNv1E2KhhOIGMAdEHaEXCa+XAr6NxCZS0esjZIddey0wL0u0m4TAgd/J4BCBY1kFEtKE69h2B2Jdt2UyHVzndFMVpC0QPqfr+3zgdFpve9iQ98hfkNj/1MRMcVai1ucOG2WXkkWuHPAT90sgiK3vwqvhI/Kr2M1LC3JAWlqjMHpJQs2coBIB+9+Vk6db/hRYATtP0Mg0qrqSTW7oeRElh7kilhKdfvmSQjfTrQX7RhlgXIBEJPu5o8jIgXxeCp6ddX+kmVwtoZcY/YIbwjdn96qSSt5dn/FmDsgMSGEl4w7mQzd0BW4+ivxKHCB37eWehJAp/Fu+6KPC/93yQrDVjfL7Pfer6dsfndF/vQwc9eTeJvdpnpYIeYYTGR7blEod2vXbyUebILXyw84Pth7/G22pQOGho1jx9z+JGaW0dEY2Wxz1Gg49ZqyvowdiTB+D0C4jzvXZeXNPdCV7vi4wuK4REzLGD+2HG1T+3m2JFpHpX73cd7nSSFSoTmJ683czjl+OYppT3F61O7VBqubrefj0/nN65M8QWsNDeQOu2sLOTIPP0kgr80zQ==\n",
            "public_key_pem": "-----BEGIN PUBLIC KEY-----\nMIICIjANBgkqhkiG9w0BAQEFAAOCAg8AMIICCgKCAgEAtZMOSBHxnO11ewzoFwQO\nf2V4l7Lkty+drHBd7OqBYpx71RJQx/9fo8dIP4qeXm9n+S4PR7mS83NxtDzG6dld\nAV1TlkDufpoHJK9rs7+xgBJzwaYxjnlXTb9RNioYTiBjAHRB2hFwmvlwK+jcQmUt\nHrI2SHXXstMC9LtJuEwIHfyeAQgWNZBRLShOvYdgdiXbdlMh1c53RTFaQtED6n6/\nt84HRab3vYkPfIX5DY/9TETHFWotbnDhtll5JFrhzwE/dLIIit78Kr4SPyq9jNSw\ntyQFpaozB6SULNnKASAfvflZOnW/4UWAE7T9DINKq6kk1u6HkRJYe5IpYSnX75kk\nI3060F+0YZYFyARCT7uaPIyIF8XgqenXV/pJlcLaGXGP2CG8I3Z/eqkkreXZ/xZg\n7IDEhhJeMO5kM3dAVuPor8Shwgd+3lnoSQKfxbvuijwv/d8kKw1Y3y+z33q+nbH5\n3Rf70MHPXk3ib3aZ6WCHmGExke25RKHdr128lHmyC18sPOD7Ye/xttqUDhoaNY8f\nc/iRmltHRGNlsc9RoOPWasr6MHYkwfg9AuI8712XlzT3Qle74uMLiuERMyxg/thx\ntU/t5tiRaR6V+93He50khUqE5ievN3M45fjmKaU9xetTu1Qarm63n49P5zeuTPEF\nrDQ3kDrtrCzkyDz9JIK/NM0CAwEAAQ==\n-----END PUBLIC KEY-----\n",
            "rsa_bits": 4096
          },
          "sensitive_attributes": [],
          "identity_schema_version": 0
        }
      ]
    },
    {
      "module": "module.bastion_terra_server",
      "mode": "managed",
      "type": "aws_instance",
      "name": "this",
      "provider": "provider[\"registry.terraform.io/hashicorp/aws\"]",
      "instances": [
        {
          "schema_version": 2,
          "attributes": {
            "ami": "ami-04fcc2023d6e37430",
            "arn": "arn:aws:ec2:ap-northeast-2:423151037894:instance/i-09807c6c693535023",
            "associate_public_ip_address": true,
            "availability_zone": "ap-northeast-2a",
            "capacity_reservation_specification": [
              {
                "capacity_reservation_preference": "open",
                "capacity_reservation_target": []
              }
            ],
            "cpu_options": [
              {
                "amd_sev_snp": "",
                "core_count": 1,
                "threads_per_core": 1
              }
            ],
            "credit_specification": [
              {
                "cpu_credits": "standard"
              }
            ],
            "disable_api_stop": false,
            "disable_api_termination": false,
            "ebs_block_device": [],
            "ebs_optimized": false,
            "enable_primary_ipv6": null,
            "enclave_options": [
              {
                "enabled": false
              }
            ],
            "ephemeral_block_device": [],
            "force_destroy": false,
            "get_password_data": false,
            "hibernation": false,
            "host_id": "",
            "host_resource_group_arn": null,
            "iam_instance_profile": "",
            "id": "i-09807c6c693535023",
            "instance_initiated_shutdown_behavior": "stop",
            "instance_lifecycle": "",
            "instance_market_options": [],
            "instance_state": "running",
            "instance_type": "t2.micro",
            "ipv6_address_count": 0,
            "ipv6_addresses": [],
            "key_name": "terra_myce_keypair",
            "launch_template": [],
            "maintenance_options": [
              {
                "auto_recovery": "default"
              }
            ],
            "metadata_options": [
              {
                "http_endpoint": "enabled",
                "http_protocol_ipv6": "disabled",
                "http_put_response_hop_limit": 2,
                "http_tokens": "required",
                "instance_metadata_tags": "disabled"
              }
            ],
            "monitoring": false,
            "network_interface": [],
            "outpost_arn": "",
            "password_data": "",
            "placement_group": "",
            "placement_group_id": "",
            "placement_partition_number": 0,
            "primary_network_interface": [
              {
                "delete_on_termination": true,
                "network_interface_id": "eni-0426bd2a9e6dec191"
              }
            ],
            "primary_network_interface_id": "eni-0426bd2a9e6dec191",
            "private_dns": "ip-10-0-10-154.ap-northeast-2.compute.internal",
            "private_dns_name_options": [
              {
                "enable_resource_name_dns_a_record": false,
                "enable_resource_name_dns_aaaa_record": false,
                "hostname_type": "ip-name"
              }
            ],
            "private_ip": "10.0.10.154",
            "public_dns": "ec2-3-38-252-82.ap-northeast-2.compute.amazonaws.com",
            "public_ip": "3.38.252.82",
            "region": "ap-northeast-2",
            "root_block_device": [
              {
                "delete_on_termination": true,
                "device_name": "/dev/xvda",
                "encrypted": false,
                "iops": 3000,
                "kms_key_id": "",
                "tags": {},
                "tags_all": {},
                "throughput": 125,
                "volume_id": "vol-034cd8bdb6d85a9c9",
                "volume_size": 8,
                "volume_type": "gp3"
              }
            ],
            "secondary_private_ips": [],
            "security_groups": [],
            "source_dest_check": true,
            "spot_instance_request_id": "",
            "subnet_id": "subnet-00cee7b36d6f52d93",
            "tags": {
              "Name": "myce_bastion_terra"
            },
            "tags_all": {
              "Name": "myce_bastion_terra"
            },
            "tenancy": "default",
            "timeouts": null,
            "user_data": null,
            "user_data_base64": null,
            "user_data_replace_on_change": false,
            "volume_tags": null,
            "vpc_security_group_ids": [
              "sg-0ecb51db21832e19b"
            ]
          },
          "sensitive_attributes": [],
          "identity_schema_version": 0,
          "private": "eyJlMmJmYjczMC1lY2FhLTExZTYtOGY4OC0zNDM2M2JjN2M0YzAiOnsiY3JlYXRlIjo2MDAwMDAwMDAwMDAsImRlbGV0ZSI6MTIwMDAwMDAwMDAwMCwicmVhZCI6OTAwMDAwMDAwMDAwLCJ1cGRhdGUiOjYwMDAwMDAwMDAwMH0sInNjaGVtYV92ZXJzaW9uIjoiMiJ9",
          "dependencies": [
            "aws_key_pair.myce_keypair",
            "aws_subnet.bon-terraform-subnet-public1",
            "aws_vpc.vpc",
            "module.sg_groups.aws_security_group.myce_sg_bastion",
            "tls_private_key.myce"
          ]
        }
      ]
    },
    {
      "module": "module.nat_terra_server",
      "mode": "managed",
      "type": "aws_instance",
      "name": "this",
      "provider": "provider[\"registry.terraform.io/hashicorp/aws\"]",
      "instances": [
        {
          "schema_version": 2,
          "attributes": {
            "ami": "ami-04fcc2023d6e37430",
            "arn": "arn:aws:ec2:ap-northeast-2:423151037894:instance/i-05d060d1159a6b162",
            "associate_public_ip_address": true,
            "availability_zone": "ap-northeast-2a",
            "capacity_reservation_specification": [
              {
                "capacity_reservation_preference": "open",
                "capacity_reservation_target": []
              }
            ],
            "cpu_options": [
              {
                "amd_sev_snp": "",
                "core_count": 1,
                "threads_per_core": 1
              }
            ],
            "credit_specification": [
              {
                "cpu_credits": "standard"
              }
            ],
            "disable_api_stop": false,
            "disable_api_termination": false,
            "ebs_block_device": [],
            "ebs_optimized": false,
            "enable_primary_ipv6": null,
            "enclave_options": [
              {
                "enabled": false
              }
            ],
            "ephemeral_block_device": [],
            "force_destroy": false,
            "get_password_data": false,
            "hibernation": false,
            "host_id": "",
            "host_resource_group_arn": null,
            "iam_instance_profile": "",
            "id": "i-05d060d1159a6b162",
            "instance_initiated_shutdown_behavior": "stop",
            "instance_lifecycle": "",
            "instance_market_options": [],
            "instance_state": "running",
            "instance_type": "t2.micro",
            "ipv6_address_count": 0,
            "ipv6_addresses": [],
            "key_name": "terra_myce_keypair",
            "launch_template": [],
            "maintenance_options": [
              {
                "auto_recovery": "default"
              }
            ],
            "metadata_options": [
              {
                "http_endpoint": "enabled",
                "http_protocol_ipv6": "disabled",
                "http_put_response_hop_limit": 2,
                "http_tokens": "required",
                "instance_metadata_tags": "disabled"
              }
            ],
            "monitoring": false,
            "network_interface": [],
            "outpost_arn": "",
            "password_data": "",
            "placement_group": "",
            "placement_group_id": "",
            "placement_partition_number": 0,
            "primary_network_interface": [
              {
                "delete_on_termination": true,
                "network_interface_id": "eni-08899d90553a947c7"
              }
            ],
            "primary_network_interface_id": "eni-08899d90553a947c7",
            "private_dns": "ip-10-0-10-47.ap-northeast-2.compute.internal",
            "private_dns_name_options": [
              {
                "enable_resource_name_dns_a_record": false,
                "enable_resource_name_dns_aaaa_record": false,
                "hostname_type": "ip-name"
              }
            ],
            "private_ip": "10.0.10.47",
            "public_dns": "ec2-13-125-6-20.ap-northeast-2.compute.amazonaws.com",
            "public_ip": "13.125.6.20",
            "region": "ap-northeast-2",
            "root_block_device": [
              {
                "delete_on_termination": true,
                "device_name": "/dev/xvda",
                "encrypted": false,
                "iops": 3000,
                "kms_key_id": "",
                "tags": {},
                "tags_all": {},
                "throughput": 125,
                "volume_id": "vol-00782157c2f221f83",
                "volume_size": 8,
                "volume_type": "gp3"
              }
            ],
            "secondary_private_ips": [],
            "security_groups": [],
            "source_dest_check": true,
            "spot_instance_request_id": "",
            "subnet_id": "subnet-00cee7b36d6f52d93",
            "tags": {
              "Name": "myce_nat_terra"
            },
            "tags_all": {
              "Name": "myce_nat_terra"
            },
            "tenancy": "default",
            "timeouts": null,
            "user_data": null,
            "user_data_base64": null,
            "user_data_replace_on_change": false,
            "volume_tags": null,
            "vpc_security_group_ids": [
              "sg-037c5b2a31a4c9011"
            ]
          },
          "sensitive_attributes": [],
          "identity_schema_version": 0,
          "private": "eyJlMmJmYjczMC1lY2FhLTExZTYtOGY4OC0zNDM2M2JjN2M0YzAiOnsiY3JlYXRlIjo2MDAwMDAwMDAwMDAsImRlbGV0ZSI6MTIwMDAwMDAwMDAwMCwicmVhZCI6OTAwMDAwMDAwMDAwLCJ1cGRhdGUiOjYwMDAwMDAwMDAwMH0sInNjaGVtYV92ZXJzaW9uIjoiMiJ9",
          "dependencies": [
            "aws_key_pair.myce_keypair",
            "aws_subnet.bon-terraform-subnet-public1",
            "aws_vpc.vpc",
            "module.sg_groups.aws_security_group.myce_sg_nat",
            "tls_private_key.myce"
          ]
        }
      ]
    },
    {
      "module": "module.private_terra_server",
      "mode": "managed",
      "type": "aws_instance",
      "name": "this",
      "provider": "provider[\"registry.terraform.io/hashicorp/aws\"]",
      "instances": [
        {
          "schema_version": 2,
          "attributes": {
            "ami": "ami-04fcc2023d6e37430",
            "arn": "arn:aws:ec2:ap-northeast-2:423151037894:instance/i-0b681e314b50720ed",
            "associate_public_ip_address": false,
            "availability_zone": "ap-northeast-2a",
            "capacity_reservation_specification": [
              {
                "capacity_reservation_preference": "open",
                "capacity_reservation_target": []
              }
            ],
            "cpu_options": [
              {
                "amd_sev_snp": "",
                "core_count": 1,
                "threads_per_core": 1
              }
            ],
            "credit_specification": [
              {
                "cpu_credits": "standard"
              }
            ],
            "disable_api_stop": false,
            "disable_api_termination": false,
            "ebs_block_device": [],
            "ebs_optimized": false,
            "enable_primary_ipv6": null,
            "enclave_options": [
              {
                "enabled": false
              }
            ],
            "ephemeral_block_device": [],
            "force_destroy": false,
            "get_password_data": false,
            "hibernation": false,
            "host_id": "",
            "host_resource_group_arn": null,
            "iam_instance_profile": "",
            "id": "i-0b681e314b50720ed",
            "instance_initiated_shutdown_behavior": "stop",
            "instance_lifecycle": "",
            "instance_market_options": [],
            "instance_state": "running",
            "instance_type": "t2.micro",
            "ipv6_address_count": 0,
            "ipv6_addresses": [],
            "key_name": "terra_myce_keypair",
            "launch_template": [],
            "maintenance_options": [
              {
                "auto_recovery": "default"
              }
            ],
            "metadata_options": [
              {
                "http_endpoint": "enabled",
                "http_protocol_ipv6": "disabled",
                "http_put_response_hop_limit": 2,
                "http_tokens": "required",
                "instance_metadata_tags": "disabled"
              }
            ],
            "monitoring": false,
            "network_interface": [],
            "outpost_arn": "",
            "password_data": "",
            "placement_group": "",
            "placement_group_id": "",
            "placement_partition_number": 0,
            "primary_network_interface": [
              {
                "delete_on_termination": true,
                "network_interface_id": "eni-0fa19cc59cc2ebd52"
              }
            ],
            "primary_network_interface_id": "eni-0fa19cc59cc2ebd52",
            "private_dns": "ip-10-0-30-193.ap-northeast-2.compute.internal",
            "private_dns_name_options": [
              {
                "enable_resource_name_dns_a_record": false,
                "enable_resource_name_dns_aaaa_record": false,
                "hostname_type": "ip-name"
              }
            ],
            "private_ip": "10.0.30.193",
            "public_dns": "",
            "public_ip": "",
            "region": "ap-northeast-2",
            "root_block_device": [
              {
                "delete_on_termination": true,
                "device_name": "/dev/xvda",
                "encrypted": false,
                "iops": 3000,
                "kms_key_id": "",
                "tags": {},
                "tags_all": {},
                "throughput": 125,
                "volume_id": "vol-098dcc9b53b0e2d68",
                "volume_size": 8,
                "volume_type": "gp3"
              }
            ],
            "secondary_private_ips": [],
            "security_groups": [],
            "source_dest_check": true,
            "spot_instance_request_id": "",
            "subnet_id": "subnet-0a6bd45a22f2bc826",
            "tags": {
              "Name": "myce_private_terra"
            },
            "tags_all": {
              "Name": "myce_private_terra"
            },
            "tenancy": "default",
            "timeouts": null,
            "user_data": null,
            "user_data_base64": null,
            "user_data_replace_on_change": false,
            "volume_tags": null,
            "vpc_security_group_ids": [
              "sg-053e972ea36b36908"
            ]
          },
          "sensitive_attributes": [],
          "identity_schema_version": 0,
          "private": "eyJlMmJmYjczMC1lY2FhLTExZTYtOGY4OC0zNDM2M2JjN2M0YzAiOnsiY3JlYXRlIjo2MDAwMDAwMDAwMDAsImRlbGV0ZSI6MTIwMDAwMDAwMDAwMCwicmVhZCI6OTAwMDAwMDAwMDAwLCJ1cGRhdGUiOjYwMDAwMDAwMDAwMH0sInNjaGVtYV92ZXJzaW9uIjoiMiJ9",
          "dependencies": [
            "aws_key_pair.myce_keypair",
            "aws_subnet.bon-terraform-subnet-private1",
            "aws_vpc.vpc",
            "module.sg_groups.aws_security_group.myce_sg",
            "tls_private_key.myce"
          ]
        }
      ]
    },
    {
      "module": "module.public_terra_server",
      "mode": "managed",
      "type": "aws_instance",
      "name": "this",
      "provider": "provider[\"registry.terraform.io/hashicorp/aws\"]",
      "instances": [
        {
          "schema_version": 2,
          "attributes": {
            "ami": "ami-04fcc2023d6e37430",
            "arn": "arn:aws:ec2:ap-northeast-2:423151037894:instance/i-002fb3787d16cbfac",
            "associate_public_ip_address": true,
            "availability_zone": "ap-northeast-2a",
            "capacity_reservation_specification": [
              {
                "capacity_reservation_preference": "open",
                "capacity_reservation_target": []
              }
            ],
            "cpu_options": [
              {
                "amd_sev_snp": "",
                "core_count": 1,
                "threads_per_core": 1
              }
            ],
            "credit_specification": [
              {
                "cpu_credits": "standard"
              }
            ],
            "disable_api_stop": false,
            "disable_api_termination": false,
            "ebs_block_device": [],
            "ebs_optimized": false,
            "enable_primary_ipv6": null,
            "enclave_options": [
              {
                "enabled": false
              }
            ],
            "ephemeral_block_device": [],
            "force_destroy": false,
            "get_password_data": false,
            "hibernation": false,
            "host_id": "",
            "host_resource_group_arn": null,
            "iam_instance_profile": "",
            "id": "i-002fb3787d16cbfac",
            "instance_initiated_shutdown_behavior": "stop",
            "instance_lifecycle": "",
            "instance_market_options": [],
            "instance_state": "running",
            "instance_type": "t2.micro",
            "ipv6_address_count": 0,
            "ipv6_addresses": [],
            "key_name": "terra_myce_keypair",
            "launch_template": [],
            "maintenance_options": [
              {
                "auto_recovery": "default"
              }
            ],
            "metadata_options": [
              {
                "http_endpoint": "enabled",
                "http_protocol_ipv6": "disabled",
                "http_put_response_hop_limit": 2,
                "http_tokens": "required",
                "instance_metadata_tags": "disabled"
              }
            ],
            "monitoring": false,
            "network_interface": [],
            "outpost_arn": "",
            "password_data": "",
            "placement_group": "",
            "placement_group_id": "",
            "placement_partition_number": 0,
            "primary_network_interface": [
              {
                "delete_on_termination": true,
                "network_interface_id": "eni-0de1dd2494b1f6c59"
              }
            ],
            "primary_network_interface_id": "eni-0de1dd2494b1f6c59",
            "private_dns": "ip-10-0-10-36.ap-northeast-2.compute.internal",
            "private_dns_name_options": [
              {
                "enable_resource_name_dns_a_record": false,
                "enable_resource_name_dns_aaaa_record": false,
                "hostname_type": "ip-name"
              }
            ],
            "private_ip": "10.0.10.36",
            "public_dns": "ec2-43-202-45-201.ap-northeast-2.compute.amazonaws.com",
            "public_ip": "43.202.45.201",
            "region": "ap-northeast-2",
            "root_block_device": [
              {
                "delete_on_termination": true,
                "device_name": "/dev/xvda",
                "encrypted": false,
                "iops": 3000,
                "kms_key_id": "",
                "tags": {},
                "tags_all": {},
                "throughput": 125,
                "volume_id": "vol-077f681f00b9121d7",
                "volume_size": 8,
                "volume_type": "gp3"
              }
            ],
            "secondary_private_ips": [],
            "security_groups": [],
            "source_dest_check": true,
            "spot_instance_request_id": "",
            "subnet_id": "subnet-00cee7b36d6f52d93",
            "tags": {
              "Name": "myce_public_terra"
            },
            "tags_all": {
              "Name": "myce_public_terra"
            },
            "tenancy": "default",
            "timeouts": null,
            "user_data": null,
            "user_data_base64": null,
            "user_data_replace_on_change": false,
            "volume_tags": null,
            "vpc_security_group_ids": [
              "sg-075797ab705810c96"
            ]
          },
          "sensitive_attributes": [],
          "identity_schema_version": 0,
          "private": "eyJlMmJmYjczMC1lY2FhLTExZTYtOGY4OC0zNDM2M2JjN2M0YzAiOnsiY3JlYXRlIjo2MDAwMDAwMDAwMDAsImRlbGV0ZSI6MTIwMDAwMDAwMDAwMCwicmVhZCI6OTAwMDAwMDAwMDAwLCJ1cGRhdGUiOjYwMDAwMDAwMDAwMH0sInNjaGVtYV92ZXJzaW9uIjoiMiJ9",
          "dependencies": [
            "aws_key_pair.myce_keypair",
            "aws_subnet.bon-terraform-subnet-public1",
            "aws_vpc.vpc",
            "module.sg_groups.aws_security_group.myce_sg_public",
            "tls_private_key.myce"
          ]
        }
      ]
    },
    {
      "module": "module.sg_groups",
      "mode": "managed",
      "type": "aws_security_group",
      "name": "myce_sg",
      "provider": "provider[\"registry.terraform.io/hashicorp/aws\"]",
      "instances": [
        {
          "schema_version": 1,
          "attributes": {
            "arn": "arn:aws:ec2:ap-northeast-2:423151037894:security-group/sg-053e972ea36b36908",
            "description": "Managed by Terraform",
            "egress": [],
            "id": "sg-053e972ea36b36908",
            "ingress": [],
            "name": "terra_private_sg",
            "name_prefix": "",
            "owner_id": "423151037894",
            "region": "ap-northeast-2",
            "revoke_rules_on_delete": false,
            "tags": null,
            "tags_all": {},
            "timeouts": null,
            "vpc_id": "vpc-0c559091c5a9a9b80"
          },
          "sensitive_attributes": [],
          "identity_schema_version": 0,
          "private": "eyJlMmJmYjczMC1lY2FhLTExZTYtOGY4OC0zNDM2M2JjN2M0YzAiOnsiY3JlYXRlIjo2MDAwMDAwMDAwMDAsImRlbGV0ZSI6OTAwMDAwMDAwMDAwfSwic2NoZW1hX3ZlcnNpb24iOiIxIn0=",
          "dependencies": [
            "aws_vpc.vpc"
          ]
        }
      ]
    },
    {
      "module": "module.sg_groups",
      "mode": "managed",
      "type": "aws_security_group",
      "name": "myce_sg_bastion",
      "provider": "provider[\"registry.terraform.io/hashicorp/aws\"]",
      "instances": [
        {
          "schema_version": 1,
          "attributes": {
            "arn": "arn:aws:ec2:ap-northeast-2:423151037894:security-group/sg-0ecb51db21832e19b",
            "description": "Managed by Terraform",
            "egress": [],
            "id": "sg-0ecb51db21832e19b",
            "ingress": [],
            "name": "terra_bastion_sg",
            "name_prefix": "",
            "owner_id": "423151037894",
            "region": "ap-northeast-2",
            "revoke_rules_on_delete": false,
            "tags": null,
            "tags_all": {},
            "timeouts": null,
            "vpc_id": "vpc-0c559091c5a9a9b80"
          },
          "sensitive_attributes": [],
          "identity_schema_version": 0,
          "private": "eyJlMmJmYjczMC1lY2FhLTExZTYtOGY4OC0zNDM2M2JjN2M0YzAiOnsiY3JlYXRlIjo2MDAwMDAwMDAwMDAsImRlbGV0ZSI6OTAwMDAwMDAwMDAwfSwic2NoZW1hX3ZlcnNpb24iOiIxIn0=",
          "dependencies": [
            "aws_vpc.vpc"
          ]
        }
      ]
    },
    {
      "module": "module.sg_groups",
      "mode": "managed",
      "type": "aws_security_group",
      "name": "myce_sg_nat",
      "provider": "provider[\"registry.terraform.io/hashicorp/aws\"]",
      "instances": [
        {
          "schema_version": 1,
          "attributes": {
            "arn": "arn:aws:ec2:ap-northeast-2:423151037894:security-group/sg-037c5b2a31a4c9011",
            "description": "Managed by Terraform",
            "egress": [],
            "id": "sg-037c5b2a31a4c9011",
            "ingress": [],
            "name": "terra_nat_sg",
            "name_prefix": "",
            "owner_id": "423151037894",
            "region": "ap-northeast-2",
            "revoke_rules_on_delete": false,
            "tags": null,
            "tags_all": {},
            "timeouts": null,
            "vpc_id": "vpc-0c559091c5a9a9b80"
          },
          "sensitive_attributes": [],
          "identity_schema_version": 0,
          "private": "eyJlMmJmYjczMC1lY2FhLTExZTYtOGY4OC0zNDM2M2JjN2M0YzAiOnsiY3JlYXRlIjo2MDAwMDAwMDAwMDAsImRlbGV0ZSI6OTAwMDAwMDAwMDAwfSwic2NoZW1hX3ZlcnNpb24iOiIxIn0=",
          "dependencies": [
            "aws_vpc.vpc"
          ]
        }
      ]
    },
    {
      "module": "module.sg_groups",
      "mode": "managed",
      "type": "aws_security_group",
      "name": "myce_sg_public",
      "provider": "provider[\"registry.terraform.io/hashicorp/aws\"]",
      "instances": [
        {
          "schema_version": 1,
          "attributes": {
            "arn": "arn:aws:ec2:ap-northeast-2:423151037894:security-group/sg-075797ab705810c96",
            "description": "Managed by Terraform",
            "egress": [],
            "id": "sg-075797ab705810c96",
            "ingress": [],
            "name": "terra_public_sg",
            "name_prefix": "",
            "owner_id": "423151037894",
            "region": "ap-northeast-2",
            "revoke_rules_on_delete": false,
            "tags": null,
            "tags_all": {},
            "timeouts": null,
            "vpc_id": "vpc-0c559091c5a9a9b80"
          },
          "sensitive_attributes": [],
          "identity_schema_version": 0,
          "private": "eyJlMmJmYjczMC1lY2FhLTExZTYtOGY4OC0zNDM2M2JjN2M0YzAiOnsiY3JlYXRlIjo2MDAwMDAwMDAwMDAsImRlbGV0ZSI6OTAwMDAwMDAwMDAwfSwic2NoZW1hX3ZlcnNpb24iOiIxIn0=",
          "dependencies": [
            "aws_vpc.vpc"
          ]
        }
      ]
    },
    {
      "module": "module.sg_groups",
      "mode": "managed",
      "type": "aws_security_group_rule",
      "name": "bastion_security_1",
      "provider": "provider[\"registry.terraform.io/hashicorp/aws\"]",
      "instances": [
        {
          "schema_version": 2,
          "attributes": {
            "cidr_blocks": [
              "0.0.0.0/0"
            ],
            "description": null,
            "from_port": 22,
            "id": "sgrule-2164662307",
            "ipv6_cidr_blocks": null,
            "prefix_list_ids": null,
            "protocol": "tcp",
            "region": "ap-northeast-2",
            "security_group_id": "sg-0ecb51db21832e19b",
            "security_group_rule_id": "sgr-07a43e9d2074073eb",
            "self": false,
            "source_security_group_id": null,
            "timeouts": null,
            "to_port": 22,
            "type": "ingress"
          },
          "sensitive_attributes": [],
          "identity_schema_version": 0,
          "private": "eyJlMmJmYjczMC1lY2FhLTExZTYtOGY4OC0zNDM2M2JjN2M0YzAiOnsiY3JlYXRlIjozMDAwMDAwMDAwMDB9LCJzY2hlbWFfdmVyc2lvbiI6IjIifQ==",
          "dependencies": [
            "aws_vpc.vpc",
            "module.sg_groups.aws_security_group.myce_sg_bastion"
          ]
        }
      ]
    },
    {
      "module": "module.sg_groups",
      "mode": "managed",
      "type": "aws_security_group_rule",
      "name": "bastion_security_2",
      "provider": "provider[\"registry.terraform.io/hashicorp/aws\"]",
      "instances": [
        {
          "schema_version": 2,
          "attributes": {
            "cidr_blocks": [
              "0.0.0.0/0"
            ],
            "description": null,
            "from_port": 0,
            "id": "sgrule-3575295682",
            "ipv6_cidr_blocks": null,
            "prefix_list_ids": null,
            "protocol": "-1",
            "region": "ap-northeast-2",
            "security_group_id": "sg-0ecb51db21832e19b",
            "security_group_rule_id": "sgr-0e1db9379913c83a9",
            "self": false,
            "source_security_group_id": null,
            "timeouts": null,
            "to_port": 0,
            "type": "egress"
          },
          "sensitive_attributes": [],
          "identity_schema_version": 0,
          "private": "eyJlMmJmYjczMC1lY2FhLTExZTYtOGY4OC0zNDM2M2JjN2M0YzAiOnsiY3JlYXRlIjozMDAwMDAwMDAwMDB9LCJzY2hlbWFfdmVyc2lvbiI6IjIifQ==",
          "dependencies": [
            "aws_vpc.vpc",
            "module.sg_groups.aws_security_group.myce_sg_bastion"
          ]
        }
      ]
    },
    {
      "module": "module.sg_groups",
      "mode": "managed",
      "type": "aws_security_group_rule",
      "name": "nat_security_1",
      "provider": "provider[\"registry.terraform.io/hashicorp/aws\"]",
      "instances": [
        {
          "schema_version": 2,
          "attributes": {
            "cidr_blocks": [
              "0.0.0.0/0"
            ],
            "description": null,
            "from_port": 22,
            "id": "sgrule-2936213724",
            "ipv6_cidr_blocks": null,
            "prefix_list_ids": null,
            "protocol": "tcp",
            "region": "ap-northeast-2",
            "security_group_id": "sg-037c5b2a31a4c9011",
            "security_group_rule_id": "sgr-016d140e131fbd0a4",
            "self": false,
            "source_security_group_id": null,
            "timeouts": null,
            "to_port": 22,
            "type": "ingress"
          },
          "sensitive_attributes": [],
          "identity_schema_version": 0,
          "private": "eyJlMmJmYjczMC1lY2FhLTExZTYtOGY4OC0zNDM2M2JjN2M0YzAiOnsiY3JlYXRlIjozMDAwMDAwMDAwMDB9LCJzY2hlbWFfdmVyc2lvbiI6IjIifQ==",
          "dependencies": [
            "aws_vpc.vpc",
            "module.sg_groups.aws_security_group.myce_sg_nat"
          ]
        }
      ]
    },
    {
      "module": "module.sg_groups",
      "mode": "managed",
      "type": "aws_security_group_rule",
      "name": "nat_security_2",
      "provider": "provider[\"registry.terraform.io/hashicorp/aws\"]",
      "instances": [
        {
          "schema_version": 2,
          "attributes": {
            "cidr_blocks": [
              "0.0.0.0/0"
            ],
            "description": null,
            "from_port": 0,
            "id": "sgrule-3868074028",
            "ipv6_cidr_blocks": null,
            "prefix_list_ids": null,
            "protocol": "-1",
            "region": "ap-northeast-2",
            "security_group_id": "sg-037c5b2a31a4c9011",
            "security_group_rule_id": "sgr-07bcf52c4dd7630a3",
            "self": false,
            "source_security_group_id": null,
            "timeouts": null,
            "to_port": 0,
            "type": "egress"
          },
          "sensitive_attributes": [],
          "identity_schema_version": 0,
          "private": "eyJlMmJmYjczMC1lY2FhLTExZTYtOGY4OC0zNDM2M2JjN2M0YzAiOnsiY3JlYXRlIjozMDAwMDAwMDAwMDB9LCJzY2hlbWFfdmVyc2lvbiI6IjIifQ==",
          "dependencies": [
            "aws_vpc.vpc",
            "module.sg_groups.aws_security_group.myce_sg_nat"
          ]
        }
      ]
    },
    {
      "module": "module.sg_groups",
      "mode": "managed",
      "type": "aws_security_group_rule",
      "name": "public_security_1",
      "provider": "provider[\"registry.terraform.io/hashicorp/aws\"]",
      "instances": [
        {
          "schema_version": 2,
          "attributes": {
            "cidr_blocks": [
              "0.0.0.0/0"
            ],
            "description": null,
            "from_port": 22,
            "id": "sgrule-2631685679",
            "ipv6_cidr_blocks": null,
            "prefix_list_ids": null,
            "protocol": "tcp",
            "region": "ap-northeast-2",
            "security_group_id": "sg-075797ab705810c96",
            "security_group_rule_id": "sgr-0452b502226601fd6",
            "self": false,
            "source_security_group_id": null,
            "timeouts": null,
            "to_port": 22,
            "type": "ingress"
          },
          "sensitive_attributes": [],
          "identity_schema_version": 0,
          "private": "eyJlMmJmYjczMC1lY2FhLTExZTYtOGY4OC0zNDM2M2JjN2M0YzAiOnsiY3JlYXRlIjozMDAwMDAwMDAwMDB9LCJzY2hlbWFfdmVyc2lvbiI6IjIifQ==",
          "dependencies": [
            "aws_vpc.vpc",
            "module.sg_groups.aws_security_group.myce_sg_public"
          ]
        }
      ]
    },
    {
      "module": "module.sg_groups",
      "mode": "managed",
      "type": "aws_security_group_rule",
      "name": "public_security_2",
      "provider": "provider[\"registry.terraform.io/hashicorp/aws\"]",
      "instances": [
        {
          "schema_version": 2,
          "attributes": {
            "cidr_blocks": [
              "0.0.0.0/0"
            ],
            "description": null,
            "from_port": 80,
            "id": "sgrule-710282138",
            "ipv6_cidr_blocks": null,
            "prefix_list_ids": null,
            "protocol": "tcp",
            "region": "ap-northeast-2",
            "security_group_id": "sg-075797ab705810c96",
            "security_group_rule_id": "sgr-096e1fb8844b61b36",
            "self": false,
            "source_security_group_id": null,
            "timeouts": null,
            "to_port": 80,
            "type": "ingress"
          },
          "sensitive_attributes": [],
          "identity_schema_version": 0,
          "private": "eyJlMmJmYjczMC1lY2FhLTExZTYtOGY4OC0zNDM2M2JjN2M0YzAiOnsiY3JlYXRlIjozMDAwMDAwMDAwMDB9LCJzY2hlbWFfdmVyc2lvbiI6IjIifQ==",
          "dependencies": [
            "aws_vpc.vpc",
            "module.sg_groups.aws_security_group.myce_sg_public"
          ]
        }
      ]
    },
    {
      "module": "module.sg_groups",
      "mode": "managed",
      "type": "aws_security_group_rule",
      "name": "public_security_3",
      "provider": "provider[\"registry.terraform.io/hashicorp/aws\"]",
      "instances": [
        {
          "schema_version": 2,
          "attributes": {
            "cidr_blocks": [
              "0.0.0.0/0"
            ],
            "description": null,
            "from_port": 3306,
            "id": "sgrule-3012341223",
            "ipv6_cidr_blocks": null,
            "prefix_list_ids": null,
            "protocol": "tcp",
            "region": "ap-northeast-2",
            "security_group_id": "sg-075797ab705810c96",
            "security_group_rule_id": "sgr-0cdf94096ce97544f",
            "self": false,
            "source_security_group_id": null,
            "timeouts": null,
            "to_port": 3306,
            "type": "ingress"
          },
          "sensitive_attributes": [],
          "identity_schema_version": 0,
          "private": "eyJlMmJmYjczMC1lY2FhLTExZTYtOGY4OC0zNDM2M2JjN2M0YzAiOnsiY3JlYXRlIjozMDAwMDAwMDAwMDB9LCJzY2hlbWFfdmVyc2lvbiI6IjIifQ==",
          "dependencies": [
            "aws_vpc.vpc",
            "module.sg_groups.aws_security_group.myce_sg_public"
          ]
        }
      ]
    },
    {
      "module": "module.sg_groups",
      "mode": "managed",
      "type": "aws_security_group_rule",
      "name": "public_security_4",
      "provider": "provider[\"registry.terraform.io/hashicorp/aws\"]",
      "instances": [
        {
          "schema_version": 2,
          "attributes": {
            "cidr_blocks": [
              "0.0.0.0/0"
            ],
            "description": null,
            "from_port": 0,
            "id": "sgrule-3084028791",
            "ipv6_cidr_blocks": null,
            "prefix_list_ids": null,
            "protocol": "-1",
            "region": "ap-northeast-2",
            "security_group_id": "sg-075797ab705810c96",
            "security_group_rule_id": "sgr-06e79aa6ef92252f4",
            "self": false,
            "source_security_group_id": null,
            "timeouts": null,
            "to_port": 0,
            "type": "egress"
          },
          "sensitive_attributes": [],
          "identity_schema_version": 0,
          "private": "eyJlMmJmYjczMC1lY2FhLTExZTYtOGY4OC0zNDM2M2JjN2M0YzAiOnsiY3JlYXRlIjozMDAwMDAwMDAwMDB9LCJzY2hlbWFfdmVyc2lvbiI6IjIifQ==",
          "dependencies": [
            "aws_vpc.vpc",
            "module.sg_groups.aws_security_group.myce_sg_public"
          ]
        }
      ]
    },
    {
      "module": "module.sg_groups",
      "mode": "managed",
      "type": "aws_security_group_rule",
      "name": "security_2",
      "provider": "provider[\"registry.terraform.io/hashicorp/aws\"]",
      "instances": [
        {
          "schema_version": 2,
          "attributes": {
            "cidr_blocks": null,
            "description": null,
            "from_port": 80,
            "id": "sgrule-2082422932",
            "ipv6_cidr_blocks": null,
            "prefix_list_ids": null,
            "protocol": "tcp",
            "region": "ap-northeast-2",
            "security_group_id": "sg-053e972ea36b36908",
            "security_group_rule_id": "sgr-0641a3155cb399937",
            "self": false,
            "source_security_group_id": "sg-075797ab705810c96",
            "timeouts": null,
            "to_port": 80,
            "type": "ingress"
          },
          "sensitive_attributes": [],
          "identity_schema_version": 0,
          "private": "eyJlMmJmYjczMC1lY2FhLTExZTYtOGY4OC0zNDM2M2JjN2M0YzAiOnsiY3JlYXRlIjozMDAwMDAwMDAwMDB9LCJzY2hlbWFfdmVyc2lvbiI6IjIifQ==",
          "dependencies": [
            "aws_vpc.vpc",
            "module.sg_groups.aws_security_group.myce_sg",
            "module.sg_groups.aws_security_group.myce_sg_public"
          ]
        }
      ]
    },
    {
      "module": "module.sg_groups",
      "mode": "managed",
      "type": "aws_security_group_rule",
      "name": "security_3",
      "provider": "provider[\"registry.terraform.io/hashicorp/aws\"]",
      "instances": [
        {
          "schema_version": 2,
          "attributes": {
            "cidr_blocks": null,
            "description": null,
            "from_port": 8080,
            "id": "sgrule-85443510",
            "ipv6_cidr_blocks": null,
            "prefix_list_ids": null,
            "protocol": "tcp",
            "region": "ap-northeast-2",
            "security_group_id": "sg-053e972ea36b36908",
            "security_group_rule_id": "sgr-04d7b5adddfd8480f",
            "self": false,
            "source_security_group_id": "sg-075797ab705810c96",
            "timeouts": null,
            "to_port": 8080,
            "type": "ingress"
          },
          "sensitive_attributes": [],
          "identity_schema_version": 0,
          "private": "eyJlMmJmYjczMC1lY2FhLTExZTYtOGY4OC0zNDM2M2JjN2M0YzAiOnsiY3JlYXRlIjozMDAwMDAwMDAwMDB9LCJzY2hlbWFfdmVyc2lvbiI6IjIifQ==",
          "dependencies": [
            "aws_vpc.vpc",
            "module.sg_groups.aws_security_group.myce_sg",
            "module.sg_groups.aws_security_group.myce_sg_public"
          ]
        }
      ]
    },
    {
      "module": "module.sg_groups",
      "mode": "managed",
      "type": "aws_security_group_rule",
      "name": "security_4",
      "provider": "provider[\"registry.terraform.io/hashicorp/aws\"]",
      "instances": [
        {
          "schema_version": 2,
          "attributes": {
            "cidr_blocks": [
              "0.0.0.0/0"
            ],
            "description": null,
            "from_port": 0,
            "id": "sgrule-463790652",
            "ipv6_cidr_blocks": null,
            "prefix_list_ids": null,
            "protocol": "-1",
            "region": "ap-northeast-2",
            "security_group_id": "sg-053e972ea36b36908",
            "security_group_rule_id": "sgr-0e7e0c13923e56b09",
            "self": false,
            "source_security_group_id": null,
            "timeouts": null,
            "to_port": 0,
            "type": "egress"
          },
          "sensitive_attributes": [],
          "identity_schema_version": 0,
          "private": "eyJlMmJmYjczMC1lY2FhLTExZTYtOGY4OC0zNDM2M2JjN2M0YzAiOnsiY3JlYXRlIjozMDAwMDAwMDAwMDB9LCJzY2hlbWFfdmVyc2lvbiI6IjIifQ==",
          "dependencies": [
            "aws_vpc.vpc",
            "module.sg_groups.aws_security_group.myce_sg"
          ]
        }
      ]
    },
    {
      "module": "module.sg_groups",
      "mode": "managed",
      "type": "aws_security_group_rule",
      "name": "security_private",
      "provider": "provider[\"registry.terraform.io/hashicorp/aws\"]",
      "instances": [
        {
          "schema_version": 2,
          "attributes": {
            "cidr_blocks": null,
            "description": null,
            "from_port": 22,
            "id": "sgrule-4053611446",
            "ipv6_cidr_blocks": null,
            "prefix_list_ids": null,
            "protocol": "tcp",
            "region": "ap-northeast-2",
            "security_group_id": "sg-053e972ea36b36908",
            "security_group_rule_id": "sgr-0421a648f8bccfbbf",
            "self": false,
            "source_security_group_id": "sg-0ecb51db21832e19b",
            "timeouts": null,
            "to_port": 22,
            "type": "ingress"
          },
          "sensitive_attributes": [],
          "identity_schema_version": 0,
          "private": "eyJlMmJmYjczMC1lY2FhLTExZTYtOGY4OC0zNDM2M2JjN2M0YzAiOnsiY3JlYXRlIjozMDAwMDAwMDAwMDB9LCJzY2hlbWFfdmVyc2lvbiI6IjIifQ==",
          "dependencies": [
            "aws_vpc.vpc",
            "module.sg_groups.aws_security_group.myce_sg",
            "module.sg_groups.aws_security_group.myce_sg_bastion"
          ]
        }
      ]
    }
  ],
  "check_results": null
}
